
Microsoft Visual Studio Solution File, Format Version 12.00
# Visual Studio Version 16
VisualStudioVersion = 16.0.29926.136
MinimumVisualStudioVersion = 10.0.40219.1
Project("{2150E333-8FDC-42A3-9474-1A3956D46DE8}") = "Libraries", "Libraries", "{5740B0DB-BBEF-4139-A9B7-02C0C24C1182}"
EndProject
Project("{2150E333-8FDC-42A3-9474-1A3956D46DE8}") = "Presentation", "Presentation", "{1CDAA817-3522-45A3-AA87-D4500E8465A8}"
EndProject
Project("{FAE04EC0-301F-11D3-BF4B-00C04F79EFBC}") = "Ouch.Core", "Libraries\Ouch.Core\Ouch.Core.csproj", "{74336F03-D73B-424E-B25F-F1DB4061828D}"
EndProject
Project("{FAE04EC0-301F-11D3-BF4B-00C04F79EFBC}") = "Ouch.Infrastructure", "Libraries\Ouch.Infrastructure\Ouch.Infrastructure.csproj", "{86CA2F89-9A37-4B04-B925-8F83F632CFC9}"
EndProject
Project("{FAE04EC0-301F-11D3-BF4B-00C04F79EFBC}") = "Ouch.Web.Framework", "Presentation\Ouch.Web.Framework\Ouch.Web.Framework.csproj", "{80479A40-5B22-451A-9B59-F536283D9EA2}"
EndProject
Project("{FAE04EC0-301F-11D3-BF4B-00C04F79EFBC}") = "Ouch.Web", "Presentation\Ouch.Web\Ouch.Web.csproj", "{65C2ECDA-E7CF-4F42-B2B4-BBFB742AF329}"
EndProject
Global
	GlobalSection(SolutionConfigurationPlatforms) = preSolution
		Debug|Any CPU = Debug|Any CPU
		Release|Any CPU = Release|Any CPU
	EndGlobalSection
	GlobalSection(ProjectConfigurationPlatforms) = postSolution
		{74336F03-D73B-424E-B25F-F1DB4061828D}.Debug|Any CPU.ActiveCfg = Debug|Any CPU
		{74336F03-D73B-424E-B25F-F1DB4061828D}.Debug|Any CPU.Build.0 = Debug|Any CPU
		{74336F03-D73B-424E-B25F-F1DB4061828D}.Release|Any CPU.ActiveCfg = Release|Any CPU
		{74336F03-D73B-424E-B25F-F1DB4061828D}.Release|Any CPU.Build.0 = Release|Any CPU
		{86CA2F89-9A37-4B04-B925-8F83F632CFC9}.Debug|Any CPU.ActiveCfg = Debug|Any CPU
		{86CA2F89-9A37-4B04-B925-8F83F632CFC9}.Debug|Any CPU.Build.0 = Debug|Any CPU
		{86CA2F89-9A37-4B04-B925-8F83F632CFC9}.Release|Any CPU.ActiveCfg = Release|Any CPU
		{86CA2F89-9A37-4B04-B925-8F83F632CFC9}.Release|Any CPU.Build.0 = Release|Any CPU
		{80479A40-5B22-451A-9B59-F536283D9EA2}.Debug|Any CPU.ActiveCfg = Debug|Any CPU
		{80479A40-5B22-451A-9B59-F536283D9EA2}.Debug|Any CPU.Build.0 = Debug|Any CPU
		{80479A40-5B22-451A-9B59-F536283D9EA2}.Release|Any CPU.ActiveCfg = Release|Any CPU
		{80479A40-5B22-451A-9B59-F536283D9EA2}.Release|Any CPU.Build.0 = Release|Any CPU
		{65C2ECDA-E7CF-4F42-B2B4-BBFB742AF329}.Debug|Any CPU.ActiveCfg = Debug|Any CPU
		{65C2ECDA-E7CF-4F42-B2B4-BBFB742AF329}.Debug|Any CPU.Build.0 = Debug|Any CPU
		{65C2ECDA-E7CF-4F42-B2B4-BBFB742AF329}.Release|Any CPU.ActiveCfg = Release|Any CPU
		{65C2ECDA-E7CF-4F42-B2B4-BBFB742AF329}.Release|Any CPU.Build.0 = Release|Any CPU
	EndGlobalSection
	GlobalSection(SolutionProperties) = preSolution
		HideSolutionNode = FALSE
	EndGlobalSection
	GlobalSection(NestedProjects) = preSolution
		{74336F03-D73B-424E-B25F-F1DB4061828D} = {5740B0DB-BBEF-4139-A9B7-02C0C24C1182}
		{86CA2F89-9A37-4B04-B925-8F83F632CFC9} = {5740B0DB-BBEF-4139-A9B7-02C0C24C1182}
		{80479A40-5B22-451A-9B59-F536283D9EA2} = {1CDAA817-3522-45A3-AA87-D4500E8465A8}
		{65C2ECDA-E7CF-4F42-B2B4-BBFB742AF329} = {1CDAA817-3522-45A3-AA87-D4500E8465A8}
	EndGlobalSection
	GlobalSection(ExtensibilityGlobals) = postSolution
		SolutionGuid = {737D4A1D-CA13-4D25-8F01-919AACC5AC4A}
	EndGlobalSection
EndGlobal
